
Microsoft Visual Studio Solution File, Format Version 12.00
# Visual Studio Version 17
VisualStudioVersion = 17.1.32210.238
MinimumVisualStudioVersion = 10.0.40219.1
Project("{9A19103F-16F7-4668-BE54-9A1E7A4F7556}") = "ConsoleApp1", "ConsoleApp1.csproj", "{CAF7E1B5-79DE-40B2-98FF-65A6C2194BAE}"
EndProject
Global
	GlobalSection(SolutionConfigurationPlatforms) = preSolution
		Debug|Any CPU = Debug|Any CPU
		Release|Any CPU = Release|Any CPU
	EndGlobalSection
	GlobalSection(ProjectConfigurationPlatforms) = postSolution
		{CAF7E1B5-79DE-40B2-98FF-65A6C2194BAE}.Debug|Any CPU.ActiveCfg = Debug|Any CPU
		{CAF7E1B5-79DE-40B2-98FF-65A6C2194BAE}.Debug|Any CPU.Build.0 = Debug|Any CPU
		{CAF7E1B5-79DE-40B2-98FF-65A6C2194BAE}.Release|Any CPU.ActiveCfg = Release|Any CPU
		{CAF7E1B5-79DE-40B2-98FF-65A6C2194BAE}.Release|Any CPU.Build.0 = Release|Any CPU
	EndGlobalSection
	GlobalSection(SolutionProperties) = preSolution
		HideSolutionNode = FALSE
	EndGlobalSection
	GlobalSection(ExtensibilityGlobals) = postSolution
		SolutionGuid = {D2F2BE02-A72E-48C6-9180-D202FA32BE99}
	EndGlobalSection
EndGlobal
